
Microsoft Visual Studio Solution File, Format Version 12.00
# Visual Studio 15
VisualStudioVersion = 15.0.27428.2027
MinimumVisualStudioVersion = 10.0.40219.1
Project("{FAE04EC0-301F-11D3-BF4B-00C04F79EFBC}") = "SHMUP_Project", "SHMUP_Project\SHMUP_Project.csproj", "{B26D8E51-F61A-4144-8ED5-B01B9E4BB607}"
EndProject
Global
	GlobalSection(SolutionConfigurationPlatforms) = preSolution
		Debug|Any CPU = Debug|Any CPU
		Release|Any CPU = Release|Any CPU
	EndGlobalSection
	GlobalSection(ProjectConfigurationPlatforms) = postSolution
		{B26D8E51-F61A-4144-8ED5-B01B9E4BB607}.Debug|Any CPU.ActiveCfg = Debug|Any CPU
		{B26D8E51-F61A-4144-8ED5-B01B9E4BB607}.Debug|Any CPU.Build.0 = Debug|Any CPU
		{B26D8E51-F61A-4144-8ED5-B01B9E4BB607}.Release|Any CPU.ActiveCfg = Release|Any CPU
		{B26D8E51-F61A-4144-8ED5-B01B9E4BB607}.Release|Any CPU.Build.0 = Release|Any CPU
	EndGlobalSection
	GlobalSection(SolutionProperties) = preSolution
		HideSolutionNode = FALSE
	EndGlobalSection
	GlobalSection(ExtensibilityGlobals) = postSolution
		SolutionGuid = {F514F462-3F3D-4EF4-B337-AFD05926CE5B}
	EndGlobalSection
EndGlobal
